# THIS IS AN AUTOGENERATED FILE. DO NOT EDIT THIS FILE DIRECTLY.
# yarn lockfile v1


"@fortawesome/fontawesome-free@^5.6.3":
  version "5.6.3"
  resolved "https://registry.yarnpkg.com/@fortawesome/fontawesome-free/-/fontawesome-free-5.6.3.tgz#61c122c420d7a91613f393d6a06e5a4c6ae6abf3"
  integrity sha512-s5PLdI9NYgjBvfrv6rhirPHlAHWx+Sfo/IjsAeiXYfmemC/GSjwsyz1wLnGPazbLPXWfk62ks980o9AmsxYUEQ==

"@sanskrit-coders/sanscript@^1.0.2":
  version "1.0.2"
  resolved "https://registry.yarnpkg.com/@sanskrit-coders/sanscript/-/sanscript-1.0.2.tgz#6514f18c9e7cccb6ad8bf45837142a49a02cae33"
  integrity sha512-Q8eBt0VCgMC+W79SpwBJ0uJM7ZNAYV0F8K3+/R8Y40JObbIHvVNRwzV7B4iEyShHaVpzguxDHHqMoT8QFhzWkw==

bootstrap@^4.2.1:
  version "4.2.1"
  resolved "https://registry.yarnpkg.com/bootstrap/-/bootstrap-4.2.1.tgz#8f8bdca024dbf0e8644da32e918c8a03a90a5757"
  integrity sha512-tt/7vIv3Gm2mnd/WeDx36nfGGHleil0Wg8IeB7eMrVkY0fZ5iTaBisSh8oNANc2IBsCc6vCgCNTIM/IEN0+50Q==

jquery-csv@^0.8.9:
  version "0.8.9"
  resolved "https://registry.yarnpkg.com/jquery-csv/-/jquery-csv-0.8.9.tgz#73ee322c7bc1b11177273e7d3a6ace6ea35c7834"
  integrity sha512-8Nyh8p2d8IHzID62Wjw14h7/LWGUzv2GpWzrimbedxTN2NGKOwIAWer/cYMqAocsdwmX4IYeXQv2eNTwTPA4pA==

jquery-ui-dist@^1.12.1:
  version "1.12.1"
  resolved "https://registry.yarnpkg.com/jquery-ui-dist/-/jquery-ui-dist-1.12.1.tgz#5c0815d3cc6f90ff5faaf5b268a6e23b4ca904fa"
  integrity sha1-XAgV08xvkP9fqvWyaKbiO0ypBPo=

jquery@^3.3.1:
  version "3.3.1"
  resolved "https://registry.yarnpkg.com/jquery/-/jquery-3.3.1.tgz#958ce29e81c9790f31be7792df5d4d95fc57fbca"
  integrity sha512-Ubldcmxp5np52/ENotGxlLe6aGMvmF4R8S6tZjsP6Knsaxd/xp3Zrh50cG93lR6nPXyUFwzN3ZSOQI0wRJNdGg==

tachyons@^4.11.1:
  version "4.11.1"
  resolved "https://registry.yarnpkg.com/tachyons/-/tachyons-4.11.1.tgz#4e3666e7299e47aea7d820e0580dd4dc07cf3feb"
  integrity sha512-n5zIZ8i8kZ8vz05vX1BdvkP8b9ufsMeSRmdqTuUtz5rlNxr03nntiZMc/HTADIsPYZj/wZJDJglxV0/yvvaiZA==
